
Microsoft Visual Studio Solution File, Format Version 12.00
# Visual Studio Version 17
VisualStudioVersion = 17.9.34723.18
MinimumVisualStudioVersion = 10.0.40219.1
Project("{FAE04EC0-301F-11D3-BF4B-00C04F79EFBC}") = "Tp5_API_Grupo9B", "Tp5_API_Grupo9B\Tp5_API_Grupo9B.csproj", "{B9A2EF73-F16F-4AA7-AC59-BD7F72EB206E}"
EndProject
Global
	GlobalSection(SolutionConfigurationPlatforms) = preSolution
		Debug|Any CPU = Debug|Any CPU
		Release|Any CPU = Release|Any CPU
	EndGlobalSection
	GlobalSection(ProjectConfigurationPlatforms) = postSolution
		{B9A2EF73-F16F-4AA7-AC59-BD7F72EB206E}.Debug|Any CPU.ActiveCfg = Debug|Any CPU
		{B9A2EF73-F16F-4AA7-AC59-BD7F72EB206E}.Debug|Any CPU.Build.0 = Debug|Any CPU
		{B9A2EF73-F16F-4AA7-AC59-BD7F72EB206E}.Release|Any CPU.ActiveCfg = Release|Any CPU
		{B9A2EF73-F16F-4AA7-AC59-BD7F72EB206E}.Release|Any CPU.Build.0 = Release|Any CPU
	EndGlobalSection
	GlobalSection(SolutionProperties) = preSolution
		HideSolutionNode = FALSE
	EndGlobalSection
	GlobalSection(ExtensibilityGlobals) = postSolution
		SolutionGuid = {01A6C9A0-DAAF-4A8A-A26F-E3CFA6E7EA53}
	EndGlobalSection
EndGlobal
